# This file is automatically @generated by Cargo.
# It is not intended for manual editing.
version = 4

[[package]]
name = "arkode_rs"
version = "7.8.0"
dependencies = [
 "sundials_core",
]

[[package]]
name = "cvode_rs"
version = "7.8.0"
dependencies = [
 "sundials_core",
]

[[package]]
name = "cvodes_rs"
version = "7.8.0"
dependencies = [
 "sundials_core",
]

[[package]]
name = "ida_rs"
version = "7.8.0"
dependencies = [
 "sundials_core",
]

[[package]]
name = "idas_rs"
version = "7.8.0"
dependencies = [
 "sundials_core",
]

[[package]]
name = "kinsol_rs"
version = "7.8.0"
dependencies = [
 "sundials_core",
]

[[package]]
name = "physical_object"
version = "0.1.0"
dependencies = [
 "arkode_rs",
 "cvode_rs",
 "cvodes_rs",
 "ida_rs",
 "idas_rs",
 "kinsol_rs",
 "sundials_core",
]

[[package]]
name = "posim"
version = "0.1.0"
dependencies = [
 "physical_object",
 "quantum",
 "special_functions",
]

[[package]]
name = "quantum"
version = "0.1.0"
dependencies = [
 "special_functions",
]

[[package]]
name = "spec_math"
version = "0.1.6"

[[package]]
name = "special_functions"
version = "0.1.0"
dependencies = [
 "spec_math",
]

[[package]]
name = "sundials_core"
version = "7.8.0"
