# This file is automatically @generated by Cargo.
# It is not intended for manual editing.
version = 4

[[package]]
name = "mercury_crosscheck"
version = "0.1.0"
dependencies = [
 "rebound_rs",
 "reboundx_rs",
]

[[package]]
name = "rebound_rs"
version = "5.1.1"

[[package]]
name = "reboundx_rs"
version = "5.1.0"
dependencies = [
 "rebound_rs",
]
